{
  "name": "ghost-scroll",
  "version": "1.0.0",
  "lockfileVersion": 1,
  "requires": true,
  "dependencies": {
    "bezier-js": {
      "version": "4.0.3",
      "resolved": "https://registry.npmjs.org/bezier-js/-/bezier-js-4.0.3.tgz",
      "integrity": "sha512-w85AFcZ7EkszFgxuHYQ2/BI2G7H5bEotZD9vcg8+Hx4S8zF2odJBoFSFvGbcFDH5ScSxG27/IhW03SigVmkXNQ=="
    }
  }
}
